
Microsoft Visual Studio Solution File, Format Version 12.00
Project("{2150E333-8FDC-42A3-9474-1A3956D46DE8}") = "Solution Items", "Solution Items", "{E5CB481C-AED1-4F3A-9A76-FF26EAA3887E}"
	ProjectSection(SolutionItems) = preProject
		..\..\TEDU\TEDUMicroservice\global.json = ..\..\TEDU\TEDUMicroservice\global.json
		..\..\TEDU\TEDUMicroservice\README.md = ..\..\TEDU\TEDUMicroservice\README.md
		src\docker-compose.yml = src\docker-compose.yml
		src\docker-compose.override.yml = src\docker-compose.override.yml
		.dockerignore = .dockerignore
	EndProjectSection
EndProject
Project("{2150E333-8FDC-42A3-9474-1A3956D46DE8}") = "src", "src", "{6A546D87-40D0-4BC6-AC5C-47619DB257E5}"
EndProject
Project("{2150E333-8FDC-42A3-9474-1A3956D46DE8}") = "tests", "tests", "{6F054C44-F6A7-4FA4-AB4C-371938BE2E5A}"
EndProject
Project("{2150E333-8FDC-42A3-9474-1A3956D46DE8}") = "ApiGateways", "ApiGateways", "{AA605D84-C4DF-420F-8162-618D46833CDE}"
EndProject
Project("{2150E333-8FDC-42A3-9474-1A3956D46DE8}") = "BuildingBlocks", "BuildingBlocks", "{DE29469A-5567-4494-A278-9220E50FA47E}"
EndProject
Project("{2150E333-8FDC-42A3-9474-1A3956D46DE8}") = "Services", "Services", "{1AA01AC0-FD32-47D5-B7B9-55C551A5A936}"
EndProject
Project("{2150E333-8FDC-42A3-9474-1A3956D46DE8}") = "WebApps", "WebApps", "{90D01049-6203-4AF1-A73E-527484752BB9}"
EndProject
Project("{FAE04EC0-301F-11D3-BF4B-00C04F79EFBC}") = "Common.Logging", "src\BuildingBlocks\Common.Logging\Common.Logging.csproj", "{1535C4C3-A792-4B73-B24F-F453F59FAFC9}"
EndProject
Project("{FAE04EC0-301F-11D3-BF4B-00C04F79EFBC}") = "EventBus.Messages", "src\BuildingBlocks\EventBus.Messages\EventBus.Messages.csproj", "{BD6E0F5F-10AD-4BFB-8799-C73FBFB3876D}"
EndProject
Project("{2150E333-8FDC-42A3-9474-1A3956D46DE8}") = "Product", "Product", "{EEF0B7DE-BC72-40E8-9B4A-F398F7C569AD}"
EndProject
Project("{2150E333-8FDC-42A3-9474-1A3956D46DE8}") = "Customer", "Customer", "{EDD6AC15-4DF0-4FDC-943F-180E7247C3E6}"
EndProject
Project("{2150E333-8FDC-42A3-9474-1A3956D46DE8}") = "Basket", "Basket", "{482B91EF-D04D-4704-809B-CD1F4B12A2DD}"
EndProject
Project("{2150E333-8FDC-42A3-9474-1A3956D46DE8}") = "Ordering", "Ordering", "{841CD252-C38B-4A0F-887B-CE0DA7750835}"
EndProject
Project("{2150E333-8FDC-42A3-9474-1A3956D46DE8}") = "Inventory", "Inventory", "{1E89037C-C01C-4C7E-B195-A1FA41ADF3C4}"
EndProject
Project("{2150E333-8FDC-42A3-9474-1A3956D46DE8}") = "ScheduledJob", "ScheduledJob", "{8F787503-551A-41C7-8E37-B1FA9189059E}"
EndProject
Project("{FAE04EC0-301F-11D3-BF4B-00C04F79EFBC}") = "WebHealthStatus", "src\WebApps\WebHealthStatus\WebHealthStatus.csproj", "{1F53F761-52F8-4E8A-8075-851C4A1AC6C4}"
EndProject
Project("{FAE04EC0-301F-11D3-BF4B-00C04F79EFBC}") = "Basket.API", "src\Services\Basket.API\Basket.API.csproj", "{51FF2FCB-B0D6-4809-99F2-262C99A7D698}"
EndProject
Project("{FAE04EC0-301F-11D3-BF4B-00C04F79EFBC}") = "Customer.API", "src\Services\Customer.API\Customer.API.csproj", "{2FE9B493-6F1C-4DC2-AD32-8A16279D573E}"
EndProject
Project("{FAE04EC0-301F-11D3-BF4B-00C04F79EFBC}") = "Inventory.API", "src\Services\Inventory.API\Inventory.API.csproj", "{0945BDDF-AF1B-420C-B7D4-CDFF869C29E5}"
EndProject
Project("{FAE04EC0-301F-11D3-BF4B-00C04F79EFBC}") = "Ordering.API", "src\Services\Ordering.API\Ordering.API.csproj", "{6C1191DA-4641-47F4-8E35-17853978D147}"
EndProject
Project("{FAE04EC0-301F-11D3-BF4B-00C04F79EFBC}") = "Product.API", "src\Services\Product.API\Product.API.csproj", "{0C89F08D-D06E-424D-9B17-4B5363829960}"
EndProject
Project("{FAE04EC0-301F-11D3-BF4B-00C04F79EFBC}") = "Contracts", "src\BuildingBlocks\Contracts\Contracts.csproj", "{D3CB66D2-B284-4E8F-9C9D-5CCA9C0CC7B9}"
EndProject
Project("{FAE04EC0-301F-11D3-BF4B-00C04F79EFBC}") = "Infrastructure", "src\BuildingBlocks\Infrastructure\Infrastructure.csproj", "{376590F9-21DF-487B-95AD-EA4C7DA08AEB}"
EndProject
Project("{FAE04EC0-301F-11D3-BF4B-00C04F79EFBC}") = "Shared", "src\BuildingBlocks\Shared\Shared.csproj", "{EA98C24D-9AC2-494C-8338-12E2B5B81EBD}"
EndProject
Project("{FAE04EC0-301F-11D3-BF4B-00C04F79EFBC}") = "OcelotApiGw", "src\ApiGateways\OcelotApiGw\OcelotApiGw.csproj", "{67739F67-1F0B-48B8-871B-D09CAE83390D}"
EndProject
Project("{FAE04EC0-301F-11D3-BF4B-00C04F79EFBC}") = "Hangfire.API", "src\Services\Hangfire.API\Hangfire.API.csproj", "{013C5997-FC17-4B81-B6D4-2F52834A2CD7}"
EndProject
Global
	GlobalSection(SolutionConfigurationPlatforms) = preSolution
		Debug|Any CPU = Debug|Any CPU
		Release|Any CPU = Release|Any CPU
	EndGlobalSection
	GlobalSection(NestedProjects) = preSolution
		{AA605D84-C4DF-420F-8162-618D46833CDE} = {6A546D87-40D0-4BC6-AC5C-47619DB257E5}
		{DE29469A-5567-4494-A278-9220E50FA47E} = {6A546D87-40D0-4BC6-AC5C-47619DB257E5}
		{1AA01AC0-FD32-47D5-B7B9-55C551A5A936} = {6A546D87-40D0-4BC6-AC5C-47619DB257E5}
		{90D01049-6203-4AF1-A73E-527484752BB9} = {6A546D87-40D0-4BC6-AC5C-47619DB257E5}
		{1535C4C3-A792-4B73-B24F-F453F59FAFC9} = {DE29469A-5567-4494-A278-9220E50FA47E}
		{BD6E0F5F-10AD-4BFB-8799-C73FBFB3876D} = {DE29469A-5567-4494-A278-9220E50FA47E}
		{EEF0B7DE-BC72-40E8-9B4A-F398F7C569AD} = {1AA01AC0-FD32-47D5-B7B9-55C551A5A936}
		{EDD6AC15-4DF0-4FDC-943F-180E7247C3E6} = {1AA01AC0-FD32-47D5-B7B9-55C551A5A936}
		{482B91EF-D04D-4704-809B-CD1F4B12A2DD} = {1AA01AC0-FD32-47D5-B7B9-55C551A5A936}
		{841CD252-C38B-4A0F-887B-CE0DA7750835} = {1AA01AC0-FD32-47D5-B7B9-55C551A5A936}
		{1E89037C-C01C-4C7E-B195-A1FA41ADF3C4} = {1AA01AC0-FD32-47D5-B7B9-55C551A5A936}
		{8F787503-551A-41C7-8E37-B1FA9189059E} = {1AA01AC0-FD32-47D5-B7B9-55C551A5A936}
		{1F53F761-52F8-4E8A-8075-851C4A1AC6C4} = {90D01049-6203-4AF1-A73E-527484752BB9}
		{51FF2FCB-B0D6-4809-99F2-262C99A7D698} = {482B91EF-D04D-4704-809B-CD1F4B12A2DD}
		{2FE9B493-6F1C-4DC2-AD32-8A16279D573E} = {EDD6AC15-4DF0-4FDC-943F-180E7247C3E6}
		{0945BDDF-AF1B-420C-B7D4-CDFF869C29E5} = {1E89037C-C01C-4C7E-B195-A1FA41ADF3C4}
		{6C1191DA-4641-47F4-8E35-17853978D147} = {841CD252-C38B-4A0F-887B-CE0DA7750835}
		{0C89F08D-D06E-424D-9B17-4B5363829960} = {EEF0B7DE-BC72-40E8-9B4A-F398F7C569AD}
		{D3CB66D2-B284-4E8F-9C9D-5CCA9C0CC7B9} = {DE29469A-5567-4494-A278-9220E50FA47E}
		{376590F9-21DF-487B-95AD-EA4C7DA08AEB} = {DE29469A-5567-4494-A278-9220E50FA47E}
		{EA98C24D-9AC2-494C-8338-12E2B5B81EBD} = {DE29469A-5567-4494-A278-9220E50FA47E}
		{67739F67-1F0B-48B8-871B-D09CAE83390D} = {AA605D84-C4DF-420F-8162-618D46833CDE}
		{013C5997-FC17-4B81-B6D4-2F52834A2CD7} = {8F787503-551A-41C7-8E37-B1FA9189059E}
	EndGlobalSection
	GlobalSection(ProjectConfigurationPlatforms) = postSolution
		{1535C4C3-A792-4B73-B24F-F453F59FAFC9}.Debug|Any CPU.ActiveCfg = Debug|Any CPU
		{1535C4C3-A792-4B73-B24F-F453F59FAFC9}.Debug|Any CPU.Build.0 = Debug|Any CPU
		{1535C4C3-A792-4B73-B24F-F453F59FAFC9}.Release|Any CPU.ActiveCfg = Release|Any CPU
		{1535C4C3-A792-4B73-B24F-F453F59FAFC9}.Release|Any CPU.Build.0 = Release|Any CPU
		{BD6E0F5F-10AD-4BFB-8799-C73FBFB3876D}.Debug|Any CPU.ActiveCfg = Debug|Any CPU
		{BD6E0F5F-10AD-4BFB-8799-C73FBFB3876D}.Debug|Any CPU.Build.0 = Debug|Any CPU
		{BD6E0F5F-10AD-4BFB-8799-C73FBFB3876D}.Release|Any CPU.ActiveCfg = Release|Any CPU
		{BD6E0F5F-10AD-4BFB-8799-C73FBFB3876D}.Release|Any CPU.Build.0 = Release|Any CPU
		{1F53F761-52F8-4E8A-8075-851C4A1AC6C4}.Debug|Any CPU.ActiveCfg = Debug|Any CPU
		{1F53F761-52F8-4E8A-8075-851C4A1AC6C4}.Debug|Any CPU.Build.0 = Debug|Any CPU
		{1F53F761-52F8-4E8A-8075-851C4A1AC6C4}.Release|Any CPU.ActiveCfg = Release|Any CPU
		{1F53F761-52F8-4E8A-8075-851C4A1AC6C4}.Release|Any CPU.Build.0 = Release|Any CPU
		{51FF2FCB-B0D6-4809-99F2-262C99A7D698}.Debug|Any CPU.ActiveCfg = Debug|Any CPU
		{51FF2FCB-B0D6-4809-99F2-262C99A7D698}.Debug|Any CPU.Build.0 = Debug|Any CPU
		{51FF2FCB-B0D6-4809-99F2-262C99A7D698}.Release|Any CPU.ActiveCfg = Release|Any CPU
		{51FF2FCB-B0D6-4809-99F2-262C99A7D698}.Release|Any CPU.Build.0 = Release|Any CPU
		{2FE9B493-6F1C-4DC2-AD32-8A16279D573E}.Debug|Any CPU.ActiveCfg = Debug|Any CPU
		{2FE9B493-6F1C-4DC2-AD32-8A16279D573E}.Debug|Any CPU.Build.0 = Debug|Any CPU
		{2FE9B493-6F1C-4DC2-AD32-8A16279D573E}.Release|Any CPU.ActiveCfg = Release|Any CPU
		{2FE9B493-6F1C-4DC2-AD32-8A16279D573E}.Release|Any CPU.Build.0 = Release|Any CPU
		{0945BDDF-AF1B-420C-B7D4-CDFF869C29E5}.Debug|Any CPU.ActiveCfg = Debug|Any CPU
		{0945BDDF-AF1B-420C-B7D4-CDFF869C29E5}.Debug|Any CPU.Build.0 = Debug|Any CPU
		{0945BDDF-AF1B-420C-B7D4-CDFF869C29E5}.Release|Any CPU.ActiveCfg = Release|Any CPU
		{0945BDDF-AF1B-420C-B7D4-CDFF869C29E5}.Release|Any CPU.Build.0 = Release|Any CPU
		{6C1191DA-4641-47F4-8E35-17853978D147}.Debug|Any CPU.ActiveCfg = Debug|Any CPU
		{6C1191DA-4641-47F4-8E35-17853978D147}.Debug|Any CPU.Build.0 = Debug|Any CPU
		{6C1191DA-4641-47F4-8E35-17853978D147}.Release|Any CPU.ActiveCfg = Release|Any CPU
		{6C1191DA-4641-47F4-8E35-17853978D147}.Release|Any CPU.Build.0 = Release|Any CPU
		{0C89F08D-D06E-424D-9B17-4B5363829960}.Debug|Any CPU.ActiveCfg = Debug|Any CPU
		{0C89F08D-D06E-424D-9B17-4B5363829960}.Debug|Any CPU.Build.0 = Debug|Any CPU
		{0C89F08D-D06E-424D-9B17-4B5363829960}.Release|Any CPU.ActiveCfg = Release|Any CPU
		{0C89F08D-D06E-424D-9B17-4B5363829960}.Release|Any CPU.Build.0 = Release|Any CPU
		{D3CB66D2-B284-4E8F-9C9D-5CCA9C0CC7B9}.Debug|Any CPU.ActiveCfg = Debug|Any CPU
		{D3CB66D2-B284-4E8F-9C9D-5CCA9C0CC7B9}.Debug|Any CPU.Build.0 = Debug|Any CPU
		{D3CB66D2-B284-4E8F-9C9D-5CCA9C0CC7B9}.Release|Any CPU.ActiveCfg = Release|Any CPU
		{D3CB66D2-B284-4E8F-9C9D-5CCA9C0CC7B9}.Release|Any CPU.Build.0 = Release|Any CPU
		{376590F9-21DF-487B-95AD-EA4C7DA08AEB}.Debug|Any CPU.ActiveCfg = Debug|Any CPU
		{376590F9-21DF-487B-95AD-EA4C7DA08AEB}.Debug|Any CPU.Build.0 = Debug|Any CPU
		{376590F9-21DF-487B-95AD-EA4C7DA08AEB}.Release|Any CPU.ActiveCfg = Release|Any CPU
		{376590F9-21DF-487B-95AD-EA4C7DA08AEB}.Release|Any CPU.Build.0 = Release|Any CPU
		{EA98C24D-9AC2-494C-8338-12E2B5B81EBD}.Debug|Any CPU.ActiveCfg = Debug|Any CPU
		{EA98C24D-9AC2-494C-8338-12E2B5B81EBD}.Debug|Any CPU.Build.0 = Debug|Any CPU
		{EA98C24D-9AC2-494C-8338-12E2B5B81EBD}.Release|Any CPU.ActiveCfg = Release|Any CPU
		{EA98C24D-9AC2-494C-8338-12E2B5B81EBD}.Release|Any CPU.Build.0 = Release|Any CPU
		{67739F67-1F0B-48B8-871B-D09CAE83390D}.Debug|Any CPU.ActiveCfg = Debug|Any CPU
		{67739F67-1F0B-48B8-871B-D09CAE83390D}.Debug|Any CPU.Build.0 = Debug|Any CPU
		{67739F67-1F0B-48B8-871B-D09CAE83390D}.Release|Any CPU.ActiveCfg = Release|Any CPU
		{67739F67-1F0B-48B8-871B-D09CAE83390D}.Release|Any CPU.Build.0 = Release|Any CPU
		{013C5997-FC17-4B81-B6D4-2F52834A2CD7}.Debug|Any CPU.ActiveCfg = Debug|Any CPU
		{013C5997-FC17-4B81-B6D4-2F52834A2CD7}.Debug|Any CPU.Build.0 = Debug|Any CPU
		{013C5997-FC17-4B81-B6D4-2F52834A2CD7}.Release|Any CPU.ActiveCfg = Release|Any CPU
		{013C5997-FC17-4B81-B6D4-2F52834A2CD7}.Release|Any CPU.Build.0 = Release|Any CPU
	EndGlobalSection
EndGlobal
